
Microsoft Visual Studio Solution File, Format Version 12.00
# Visual Studio Version 16
VisualStudioVersion = 16.0.30804.86
MinimumVisualStudioVersion = 10.0.40219.1
Project("{9A19103F-16F7-4668-BE54-9A1E7A4F7556}") = "CRUD", "CRUD\CRUD.csproj", "{6F4BF424-8029-46BD-BCB2-7A8DE0003260}"
EndProject
Project("{9A19103F-16F7-4668-BE54-9A1E7A4F7556}") = "CRUD.Tests", "CRUD.Tests\CRUD.Tests.csproj", "{9B302DDA-5934-4ECD-B18C-6F6E7AB1588D}"
EndProject
Global
	GlobalSection(SolutionConfigurationPlatforms) = preSolution
		Debug|Any CPU = Debug|Any CPU
		Release|Any CPU = Release|Any CPU
	EndGlobalSection
	GlobalSection(ProjectConfigurationPlatforms) = postSolution
		{6F4BF424-8029-46BD-BCB2-7A8DE0003260}.Debug|Any CPU.ActiveCfg = Debug|Any CPU
		{6F4BF424-8029-46BD-BCB2-7A8DE0003260}.Debug|Any CPU.Build.0 = Debug|Any CPU
		{6F4BF424-8029-46BD-BCB2-7A8DE0003260}.Release|Any CPU.ActiveCfg = Release|Any CPU
		{6F4BF424-8029-46BD-BCB2-7A8DE0003260}.Release|Any CPU.Build.0 = Release|Any CPU
		{9B302DDA-5934-4ECD-B18C-6F6E7AB1588D}.Debug|Any CPU.ActiveCfg = Debug|Any CPU
		{9B302DDA-5934-4ECD-B18C-6F6E7AB1588D}.Debug|Any CPU.Build.0 = Debug|Any CPU
		{9B302DDA-5934-4ECD-B18C-6F6E7AB1588D}.Release|Any CPU.ActiveCfg = Release|Any CPU
		{9B302DDA-5934-4ECD-B18C-6F6E7AB1588D}.Release|Any CPU.Build.0 = Release|Any CPU
	EndGlobalSection
	GlobalSection(SolutionProperties) = preSolution
		HideSolutionNode = FALSE
	EndGlobalSection
	GlobalSection(ExtensibilityGlobals) = postSolution
		SolutionGuid = {A86EB695-802F-4B9E-9BAF-A90CAFCFF0D7}
	EndGlobalSection
EndGlobal
